// !$*UTF8*$!
{
	archiveVersion = 1;
	classes = {
	};
	objectVersion = 50;
	objects = {

/* Begin PBXBuildFile section */
		32E6359E32C2B24E6D67B723 /* libPods-TestARKitDemo.a in Frameworks */ = {isa = PBXBuildFile; fileRef = 36B622E72A73C079D9D97A54 /* libPods-TestARKitDemo.a */; };
		AA0D8C96261DB6140055038B /* UIImage+MT.m in Sources */ = {isa = PBXBuildFile; fileRef = AA0D8C95261DB6140055038B /* UIImage+MT.m */; };
		AA2D2B73261C377900BEBBA5 /* Models.scnassets in Resources */ = {isa = PBXBuildFile; fileRef = AA2D2B72261C377900BEBBA5 /* Models.scnassets */; };
		AA2D2B84261C431700BEBBA5 /* MTCatchTheFlatVC.m in Sources */ = {isa = PBXBuildFile; fileRef = AA2D2B83261C431700BEBBA5 /* MTCatchTheFlatVC.m */; };
		AA2D2B88261C437B00BEBBA5 /* MTAdd3DModelVC.m in Sources */ = {isa = PBXBuildFile; fileRef = AA2D2B87261C437B00BEBBA5 /* MTAdd3DModelVC.m */; };
		AA2D2B8C261C4A2100BEBBA5 /* MTFlyAroundCameraVC.m in Sources */ = {isa = PBXBuildFile; fileRef = AA2D2B8B261C4A2100BEBBA5 /* MTFlyAroundCameraVC.m */; };
		AA4D6D59261D464800C2CD63 /* MTARKitHelper.m in Sources */ = {isa = PBXBuildFile; fileRef = AA4D6D58261D464800C2CD63 /* MTARKitHelper.m */; };
		AA4D6D5E261D4C7D00C2CD63 /* MTFaceDetectionVC.m in Sources */ = {isa = PBXBuildFile; fileRef = AA4D6D5D261D4C7D00C2CD63 /* MTFaceDetectionVC.m */; };
		AA4D6D66261D4D0A00C2CD63 /* MTFacialExpresstionVC.m in Sources */ = {isa = PBXBuildFile; fileRef = AA4D6D65261D4D0A00C2CD63 /* MTFacialExpresstionVC.m */; };
		AA4D6D7B261D520E00C2CD63 /* MTFaceDetectionHelper.m in Sources */ = {isa = PBXBuildFile; fileRef = AA4D6D7A261D520E00C2CD63 /* MTFaceDetectionHelper.m */; };
		AA5C000226241D40009CFAD1 /* ARPlanDetetionAdapter.m in Sources */ = {isa = PBXBuildFile; fileRef = AA5C000126241D40009CFAD1 /* ARPlanDetetionAdapter.m */; };
		AA5C000626241D62009CFAD1 /* ARFaceMaskAdapter.m in Sources */ = {isa = PBXBuildFile; fileRef = AA5C000526241D62009CFAD1 /* ARFaceMaskAdapter.m */; };
		AA5C000A26241D8C009CFAD1 /* ARFaceDetectionAdapter.m in Sources */ = {isa = PBXBuildFile; fileRef = AA5C000926241D8C009CFAD1 /* ARFaceDetectionAdapter.m */; };
		AA5C000E26241DA6009CFAD1 /* AR3DScanAdapter.m in Sources */ = {isa = PBXBuildFile; fileRef = AA5C000D26241DA6009CFAD1 /* AR3DScanAdapter.m */; };
		AA5C001226241F46009CFAD1 /* MTARAdapterVC.m in Sources */ = {isa = PBXBuildFile; fileRef = AA5C001126241F46009CFAD1 /* MTARAdapterVC.m */; };
		AA5C001A26243E61009CFAD1 /* MTOcclusionAdapter.swift in Sources */ = {isa = PBXBuildFile; fileRef = AA5C001926243E61009CFAD1 /* MTOcclusionAdapter.swift */; };
		AA5CFFE82623F7CE009CFAD1 /* MTAlertHelper.m in Sources */ = {isa = PBXBuildFile; fileRef = AA5CFFE72623F7CE009CFAD1 /* MTAlertHelper.m */; };
		AA5CFFF9262419F9009CFAD1 /* ARBaseAdapter.m in Sources */ = {isa = PBXBuildFile; fileRef = AA5CFFF8262419F9009CFAD1 /* ARBaseAdapter.m */; };
		AA5CFFFE26241BFC009CFAD1 /* AR3DModelAdapter.m in Sources */ = {isa = PBXBuildFile; fileRef = AA5CFFFD26241BFC009CFAD1 /* AR3DModelAdapter.m */; };
		AA7A995E261C02840019DF27 /* AppDelegate.m in Sources */ = {isa = PBXBuildFile; fileRef = AA7A995D261C02840019DF27 /* AppDelegate.m */; };
		AA7A9961261C02840019DF27 /* SceneDelegate.m in Sources */ = {isa = PBXBuildFile; fileRef = AA7A9960261C02840019DF27 /* SceneDelegate.m */; };
		AA7A9964261C02840019DF27 /* ViewController.m in Sources */ = {isa = PBXBuildFile; fileRef = AA7A9963261C02840019DF27 /* ViewController.m */; };
		AA7A9967261C02840019DF27 /* Main.storyboard in Resources */ = {isa = PBXBuildFile; fileRef = AA7A9965261C02840019DF27 /* Main.storyboard */; };
		AA7A9969261C02860019DF27 /* Assets.xcassets in Resources */ = {isa = PBXBuildFile; fileRef = AA7A9968261C02860019DF27 /* Assets.xcassets */; };
		AA7A996C261C02860019DF27 /* LaunchScreen.storyboard in Resources */ = {isa = PBXBuildFile; fileRef = AA7A996A261C02860019DF27 /* LaunchScreen.storyboard */; };
		AA7A996F261C02860019DF27 /* main.m in Sources */ = {isa = PBXBuildFile; fileRef = AA7A996E261C02860019DF27 /* main.m */; };
		AA7A9978261C02960019DF27 /* ARKit.framework in Frameworks */ = {isa = PBXBuildFile; fileRef = AA7A9977261C02960019DF27 /* ARKit.framework */; };
		AA7A997A261C029C0019DF27 /* SceneKit.framework in Frameworks */ = {isa = PBXBuildFile; fileRef = AA7A9979261C029C0019DF27 /* SceneKit.framework */; };
		AA7A997C261C02A10019DF27 /* UIKit.framework in Frameworks */ = {isa = PBXBuildFile; fileRef = AA7A997B261C02A10019DF27 /* UIKit.framework */; };
		AA7A997F261C02EC0019DF27 /* MTBaseVC.m in Sources */ = {isa = PBXBuildFile; fileRef = AA7A997E261C02EC0019DF27 /* MTBaseVC.m */; };
		AA7A9984261C0F8A0019DF27 /* ARSCNView+MT.m in Sources */ = {isa = PBXBuildFile; fileRef = AA7A9983261C0F8A0019DF27 /* ARSCNView+MT.m */; };
		AA7B9A35261ED579007FFC87 /* MTFaceAddMaskVC.m in Sources */ = {isa = PBXBuildFile; fileRef = AA7B9A34261ED579007FFC87 /* MTFaceAddMaskVC.m */; };
		AA7B9A56261F00FD007FFC87 /* MTARKGestureHelper.m in Sources */ = {isa = PBXBuildFile; fileRef = AA7B9A55261F00FD007FFC87 /* MTARKGestureHelper.m */; };
		AA85117726204D6C00C1078A /* RealityKit.framework in Frameworks */ = {isa = PBXBuildFile; fileRef = AA85117626204D6C00C1078A /* RealityKit.framework */; };
		AA85117A26204E5800C1078A /* MTOcclusionVC.swift in Sources */ = {isa = PBXBuildFile; fileRef = AA85117926204E5800C1078A /* MTOcclusionVC.swift */; };
		AA85117D2620515800C1078A /* Foundation.framework in Frameworks */ = {isa = PBXBuildFile; fileRef = AA85117C2620515800C1078A /* Foundation.framework */; };
		AA919194261FEB5A00BD9111 /* MTVitualAndRealOcclusionVC.m in Sources */ = {isa = PBXBuildFile; fileRef = AA919193261FEB5A00BD9111 /* MTVitualAndRealOcclusionVC.m */; };
		AA919198261FEB8000BD9111 /* MTARBaseVC.m in Sources */ = {isa = PBXBuildFile; fileRef = AA919197261FEB8000BD9111 /* MTARBaseVC.m */; };
		AA91919C261FF4E500BD9111 /* MTScan3DObjectVC.m in Sources */ = {isa = PBXBuildFile; fileRef = AA91919B261FF4E500BD9111 /* MTScan3DObjectVC.m */; };
		AAA3107C261D822200C9F01D /* MTRouter.m in Sources */ = {isa = PBXBuildFile; fileRef = AAA3107B261D822200C9F01D /* MTRouter.m */; };
/* End PBXBuildFile section */

/* Begin PBXFileReference section */
		36B622E72A73C079D9D97A54 /* libPods-TestARKitDemo.a */ = {isa = PBXFileReference; explicitFileType = archive.ar; includeInIndex = 0; path = "libPods-TestARKitDemo.a"; sourceTree = BUILT_PRODUCTS_DIR; };
		AA0D8C94261DB6140055038B /* UIImage+MT.h */ = {isa = PBXFileReference; lastKnownFileType = sourcecode.c.h; path = "UIImage+MT.h"; sourceTree = "<group>"; };
		AA0D8C95261DB6140055038B /* UIImage+MT.m */ = {isa = PBXFileReference; lastKnownFileType = sourcecode.c.objc; path = "UIImage+MT.m"; sourceTree = "<group>"; };
		AA2D2B72261C377900BEBBA5 /* Models.scnassets */ = {isa = PBXFileReference; lastKnownFileType = wrapper.scnassets; path = Models.scnassets; sourceTree = "<group>"; };
		AA2D2B82261C431700BEBBA5 /* MTCatchTheFlatVC.h */ = {isa = PBXFileReference; lastKnownFileType = sourcecode.c.h; path = MTCatchTheFlatVC.h; sourceTree = "<group>"; };
		AA2D2B83261C431700BEBBA5 /* MTCatchTheFlatVC.m */ = {isa = PBXFileReference; lastKnownFileType = sourcecode.c.objc; path = MTCatchTheFlatVC.m; sourceTree = "<group>"; };
		AA2D2B86261C437B00BEBBA5 /* MTAdd3DModelVC.h */ = {isa = PBXFileReference; lastKnownFileType = sourcecode.c.h; path = MTAdd3DModelVC.h; sourceTree = "<group>"; };
		AA2D2B87261C437B00BEBBA5 /* MTAdd3DModelVC.m */ = {isa = PBXFileReference; lastKnownFileType = sourcecode.c.objc; path = MTAdd3DModelVC.m; sourceTree = "<group>"; };
		AA2D2B8A261C4A2100BEBBA5 /* MTFlyAroundCameraVC.h */ = {isa = PBXFileReference; lastKnownFileType = sourcecode.c.h; path = MTFlyAroundCameraVC.h; sourceTree = "<group>"; };
		AA2D2B8B261C4A2100BEBBA5 /* MTFlyAroundCameraVC.m */ = {isa = PBXFileReference; lastKnownFileType = sourcecode.c.objc; path = MTFlyAroundCameraVC.m; sourceTree = "<group>"; };
		AA4D6D57261D464800C2CD63 /* MTARKitHelper.h */ = {isa = PBXFileReference; lastKnownFileType = sourcecode.c.h; path = MTARKitHelper.h; sourceTree = "<group>"; };
		AA4D6D58261D464800C2CD63 /* MTARKitHelper.m */ = {isa = PBXFileReference; lastKnownFileType = sourcecode.c.objc; path = MTARKitHelper.m; sourceTree = "<group>"; };
		AA4D6D5C261D4C7D00C2CD63 /* MTFaceDetectionVC.h */ = {isa = PBXFileReference; lastKnownFileType = sourcecode.c.h; path = MTFaceDetectionVC.h; sourceTree = "<group>"; };
		AA4D6D5D261D4C7D00C2CD63 /* MTFaceDetectionVC.m */ = {isa = PBXFileReference; lastKnownFileType = sourcecode.c.objc; path = MTFaceDetectionVC.m; sourceTree = "<group>"; };
		AA4D6D64261D4D0A00C2CD63 /* MTFacialExpresstionVC.h */ = {isa = PBXFileReference; lastKnownFileType = sourcecode.c.h; path = MTFacialExpresstionVC.h; sourceTree = "<group>"; };
		AA4D6D65261D4D0A00C2CD63 /* MTFacialExpresstionVC.m */ = {isa = PBXFileReference; lastKnownFileType = sourcecode.c.objc; path = MTFacialExpresstionVC.m; sourceTree = "<group>"; };
		AA4D6D79261D520E00C2CD63 /* MTFaceDetectionHelper.h */ = {isa = PBXFileReference; lastKnownFileType = sourcecode.c.h; path = MTFaceDetectionHelper.h; sourceTree = "<group>"; };
		AA4D6D7A261D520E00C2CD63 /* MTFaceDetectionHelper.m */ = {isa = PBXFileReference; lastKnownFileType = sourcecode.c.objc; path = MTFaceDetectionHelper.m; sourceTree = "<group>"; };
		AA5C000026241D40009CFAD1 /* ARPlanDetetionAdapter.h */ = {isa = PBXFileReference; lastKnownFileType = sourcecode.c.h; path = ARPlanDetetionAdapter.h; sourceTree = "<group>"; };
		AA5C000126241D40009CFAD1 /* ARPlanDetetionAdapter.m */ = {isa = PBXFileReference; lastKnownFileType = sourcecode.c.objc; path = ARPlanDetetionAdapter.m; sourceTree = "<group>"; };
		AA5C000426241D62009CFAD1 /* ARFaceMaskAdapter.h */ = {isa = PBXFileReference; lastKnownFileType = sourcecode.c.h; path = ARFaceMaskAdapter.h; sourceTree = "<group>"; };
		AA5C000526241D62009CFAD1 /* ARFaceMaskAdapter.m */ = {isa = PBXFileReference; lastKnownFileType = sourcecode.c.objc; path = ARFaceMaskAdapter.m; sourceTree = "<group>"; };
		AA5C000826241D8C009CFAD1 /* ARFaceDetectionAdapter.h */ = {isa = PBXFileReference; lastKnownFileType = sourcecode.c.h; path = ARFaceDetectionAdapter.h; sourceTree = "<group>"; };
		AA5C000926241D8C009CFAD1 /* ARFaceDetectionAdapter.m */ = {isa = PBXFileReference; lastKnownFileType = sourcecode.c.objc; path = ARFaceDetectionAdapter.m; sourceTree = "<group>"; };
		AA5C000C26241DA6009CFAD1 /* AR3DScanAdapter.h */ = {isa = PBXFileReference; lastKnownFileType = sourcecode.c.h; path = AR3DScanAdapter.h; sourceTree = "<group>"; };
		AA5C000D26241DA6009CFAD1 /* AR3DScanAdapter.m */ = {isa = PBXFileReference; lastKnownFileType = sourcecode.c.objc; path = AR3DScanAdapter.m; sourceTree = "<group>"; };
		AA5C001026241F46009CFAD1 /* MTARAdapterVC.h */ = {isa = PBXFileReference; lastKnownFileType = sourcecode.c.h; path = MTARAdapterVC.h; sourceTree = "<group>"; };
		AA5C001126241F46009CFAD1 /* MTARAdapterVC.m */ = {isa = PBXFileReference; lastKnownFileType = sourcecode.c.objc; path = MTARAdapterVC.m; sourceTree = "<group>"; };
		AA5C001926243E61009CFAD1 /* MTOcclusionAdapter.swift */ = {isa = PBXFileReference; lastKnownFileType = sourcecode.swift; path = MTOcclusionAdapter.swift; sourceTree = "<group>"; };
		AA5CFFE62623F7CE009CFAD1 /* MTAlertHelper.h */ = {isa = PBXFileReference; lastKnownFileType = sourcecode.c.h; path = MTAlertHelper.h; sourceTree = "<group>"; };
		AA5CFFE72623F7CE009CFAD1 /* MTAlertHelper.m */ = {isa = PBXFileReference; lastKnownFileType = sourcecode.c.objc; path = MTAlertHelper.m; sourceTree = "<group>"; };
		AA5CFFF7262419F9009CFAD1 /* ARBaseAdapter.h */ = {isa = PBXFileReference; lastKnownFileType = sourcecode.c.h; path = ARBaseAdapter.h; sourceTree = "<group>"; };
		AA5CFFF8262419F9009CFAD1 /* ARBaseAdapter.m */ = {isa = PBXFileReference; lastKnownFileType = sourcecode.c.objc; path = ARBaseAdapter.m; sourceTree = "<group>"; };
		AA5CFFFC26241BFC009CFAD1 /* AR3DModelAdapter.h */ = {isa = PBXFileReference; lastKnownFileType = sourcecode.c.h; path = AR3DModelAdapter.h; sourceTree = "<group>"; };
		AA5CFFFD26241BFC009CFAD1 /* AR3DModelAdapter.m */ = {isa = PBXFileReference; lastKnownFileType = sourcecode.c.objc; path = AR3DModelAdapter.m; sourceTree = "<group>"; };
		AA7A9959261C02840019DF27 /* TestARKitDemo.app */ = {isa = PBXFileReference; explicitFileType = wrapper.application; includeInIndex = 0; path = TestARKitDemo.app; sourceTree = BUILT_PRODUCTS_DIR; };
		AA7A995C261C02840019DF27 /* AppDelegate.h */ = {isa = PBXFileReference; lastKnownFileType = sourcecode.c.h; path = AppDelegate.h; sourceTree = "<group>"; };
		AA7A995D261C02840019DF27 /* AppDelegate.m */ = {isa = PBXFileReference; lastKnownFileType = sourcecode.c.objc; path = AppDelegate.m; sourceTree = "<group>"; };
		AA7A995F261C02840019DF27 /* SceneDelegate.h */ = {isa = PBXFileReference; lastKnownFileType = sourcecode.c.h; path = SceneDelegate.h; sourceTree = "<group>"; };
		AA7A9960261C02840019DF27 /* SceneDelegate.m */ = {isa = PBXFileReference; lastKnownFileType = sourcecode.c.objc; path = SceneDelegate.m; sourceTree = "<group>"; };
		AA7A9962261C02840019DF27 /* ViewController.h */ = {isa = PBXFileReference; lastKnownFileType = sourcecode.c.h; path = ViewController.h; sourceTree = "<group>"; };
		AA7A9963261C02840019DF27 /* ViewController.m */ = {isa = PBXFileReference; lastKnownFileType = sourcecode.c.objc; path = ViewController.m; sourceTree = "<group>"; };
		AA7A9966261C02840019DF27 /* Base */ = {isa = PBXFileReference; lastKnownFileType = file.storyboard; name = Base; path = Base.lproj/Main.storyboard; sourceTree = "<group>"; };
		AA7A9968261C02860019DF27 /* Assets.xcassets */ = {isa = PBXFileReference; lastKnownFileType = folder.assetcatalog; path = Assets.xcassets; sourceTree = "<group>"; };
		AA7A996B261C02860019DF27 /* Base */ = {isa = PBXFileReference; lastKnownFileType = file.storyboard; name = Base; path = Base.lproj/LaunchScreen.storyboard; sourceTree = "<group>"; };
		AA7A996D261C02860019DF27 /* Info.plist */ = {isa = PBXFileReference; lastKnownFileType = text.plist.xml; path = Info.plist; sourceTree = "<group>"; };
		AA7A996E261C02860019DF27 /* main.m */ = {isa = PBXFileReference; lastKnownFileType = sourcecode.c.objc; path = main.m; sourceTree = "<group>"; };
		AA7A9977261C02960019DF27 /* ARKit.framework */ = {isa = PBXFileReference; lastKnownFileType = wrapper.framework; name = ARKit.framework; path = System/Library/Frameworks/ARKit.framework; sourceTree = SDKROOT; };
		AA7A9979261C029C0019DF27 /* SceneKit.framework */ = {isa = PBXFileReference; lastKnownFileType = wrapper.framework; name = SceneKit.framework; path = System/Library/Frameworks/SceneKit.framework; sourceTree = SDKROOT; };
		AA7A997B261C02A10019DF27 /* UIKit.framework */ = {isa = PBXFileReference; lastKnownFileType = wrapper.framework; name = UIKit.framework; path = System/Library/Frameworks/UIKit.framework; sourceTree = SDKROOT; };
		AA7A997D261C02EC0019DF27 /* MTBaseVC.h */ = {isa = PBXFileReference; lastKnownFileType = sourcecode.c.h; path = MTBaseVC.h; sourceTree = "<group>"; };
		AA7A997E261C02EC0019DF27 /* MTBaseVC.m */ = {isa = PBXFileReference; lastKnownFileType = sourcecode.c.objc; path = MTBaseVC.m; sourceTree = "<group>"; };
		AA7A9982261C0F8A0019DF27 /* ARSCNView+MT.h */ = {isa = PBXFileReference; lastKnownFileType = sourcecode.c.h; path = "ARSCNView+MT.h"; sourceTree = "<group>"; };
		AA7A9983261C0F8A0019DF27 /* ARSCNView+MT.m */ = {isa = PBXFileReference; lastKnownFileType = sourcecode.c.objc; path = "ARSCNView+MT.m"; sourceTree = "<group>"; };
		AA7B9A33261ED579007FFC87 /* MTFaceAddMaskVC.h */ = {isa = PBXFileReference; lastKnownFileType = sourcecode.c.h; path = MTFaceAddMaskVC.h; sourceTree = "<group>"; };
		AA7B9A34261ED579007FFC87 /* MTFaceAddMaskVC.m */ = {isa = PBXFileReference; lastKnownFileType = sourcecode.c.objc; path = MTFaceAddMaskVC.m; sourceTree = "<group>"; };
		AA7B9A54261F00FD007FFC87 /* MTARKGestureHelper.h */ = {isa = PBXFileReference; lastKnownFileType = sourcecode.c.h; path = MTARKGestureHelper.h; sourceTree = "<group>"; };
		AA7B9A55261F00FD007FFC87 /* MTARKGestureHelper.m */ = {isa = PBXFileReference; lastKnownFileType = sourcecode.c.objc; path = MTARKGestureHelper.m; sourceTree = "<group>"; };
		AA85117626204D6C00C1078A /* RealityKit.framework */ = {isa = PBXFileReference; lastKnownFileType = wrapper.framework; name = RealityKit.framework; path = System/Library/Frameworks/RealityKit.framework; sourceTree = SDKROOT; };
		AA85117826204E5700C1078A /* TestARKitDemo-Bridging-Header.h */ = {isa = PBXFileReference; lastKnownFileType = sourcecode.c.h; path = "TestARKitDemo-Bridging-Header.h"; sourceTree = "<group>"; };
		AA85117926204E5800C1078A /* MTOcclusionVC.swift */ = {isa = PBXFileReference; lastKnownFileType = sourcecode.swift; path = MTOcclusionVC.swift; sourceTree = "<group>"; };
		AA85117C2620515800C1078A /* Foundation.framework */ = {isa = PBXFileReference; lastKnownFileType = wrapper.framework; name = Foundation.framework; path = System/Library/Frameworks/Foundation.framework; sourceTree = SDKROOT; };
		AA919192261FEB5A00BD9111 /* MTVitualAndRealOcclusionVC.h */ = {isa = PBXFileReference; lastKnownFileType = sourcecode.c.h; path = MTVitualAndRealOcclusionVC.h; sourceTree = "<group>"; };
		AA919193261FEB5A00BD9111 /* MTVitualAndRealOcclusionVC.m */ = {isa = PBXFileReference; lastKnownFileType = sourcecode.c.objc; path = MTVitualAndRealOcclusionVC.m; sourceTree = "<group>"; };
		AA919196261FEB8000BD9111 /* MTARBaseVC.h */ = {isa = PBXFileReference; lastKnownFileType = sourcecode.c.h; path = MTARBaseVC.h; sourceTree = "<group>"; };
		AA919197261FEB8000BD9111 /* MTARBaseVC.m */ = {isa = PBXFileReference; lastKnownFileType = sourcecode.c.objc; path = MTARBaseVC.m; sourceTree = "<group>"; };
		AA91919A261FF4E500BD9111 /* MTScan3DObjectVC.h */ = {isa = PBXFileReference; lastKnownFileType = sourcecode.c.h; path = MTScan3DObjectVC.h; sourceTree = "<group>"; };
		AA91919B261FF4E500BD9111 /* MTScan3DObjectVC.m */ = {isa = PBXFileReference; lastKnownFileType = sourcecode.c.objc; path = MTScan3DObjectVC.m; sourceTree = "<group>"; };
		AAA3107A261D822200C9F01D /* MTRouter.h */ = {isa = PBXFileReference; lastKnownFileType = sourcecode.c.h; path = MTRouter.h; sourceTree = "<group>"; };
		AAA3107B261D822200C9F01D /* MTRouter.m */ = {isa = PBXFileReference; lastKnownFileType = sourcecode.c.objc; path = MTRouter.m; sourceTree = "<group>"; };
		C9F57860B8F9B897A8E4B9DB /* Pods-TestARKitDemo.debug.xcconfig */ = {isa = PBXFileReference; includeInIndex = 1; lastKnownFileType = text.xcconfig; name = "Pods-TestARKitDemo.debug.xcconfig"; path = "Target Support Files/Pods-TestARKitDemo/Pods-TestARKitDemo.debug.xcconfig"; sourceTree = "<group>"; };
		EE31F5B42B8A67889144AF1D /* Pods-TestARKitDemo.release.xcconfig */ = {isa = PBXFileReference; includeInIndex = 1; lastKnownFileType = text.xcconfig; name = "Pods-TestARKitDemo.release.xcconfig"; path = "Target Support Files/Pods-TestARKitDemo/Pods-TestARKitDemo.release.xcconfig"; sourceTree = "<group>"; };
/* End PBXFileReference section */

/* Begin PBXFrameworksBuildPhase section */
		AA7A9956261C02840019DF27 /* Frameworks */ = {
			isa = PBXFrameworksBuildPhase;
			buildActionMask = 2147483647;
			files = (
				AA85117D2620515800C1078A /* Foundation.framework in Frameworks */,
				AA85117726204D6C00C1078A /* RealityKit.framework in Frameworks */,
				AA7A997C261C02A10019DF27 /* UIKit.framework in Frameworks */,
				AA7A997A261C029C0019DF27 /* SceneKit.framework in Frameworks */,
				AA7A9978261C02960019DF27 /* ARKit.framework in Frameworks */,
				32E6359E32C2B24E6D67B723 /* libPods-TestARKitDemo.a in Frameworks */,
			);
			runOnlyForDeploymentPostprocessing = 0;
		};
/* End PBXFrameworksBuildPhase section */

/* Begin PBXGroup section */
		2174CA5BD88287F4C66B5CA1 /* Pods */ = {
			isa = PBXGroup;
			children = (
				C9F57860B8F9B897A8E4B9DB /* Pods-TestARKitDemo.debug.xcconfig */,
				EE31F5B42B8A67889144AF1D /* Pods-TestARKitDemo.release.xcconfig */,
			);
			path = Pods;
			sourceTree = "<group>";
		};
		AA4D6D4D261D405100C2CD63 /* helper */ = {
			isa = PBXGroup;
			children = (
				AA4D6D57261D464800C2CD63 /* MTARKitHelper.h */,
				AA4D6D58261D464800C2CD63 /* MTARKitHelper.m */,
				AA5CFFE62623F7CE009CFAD1 /* MTAlertHelper.h */,
				AA5CFFE72623F7CE009CFAD1 /* MTAlertHelper.m */,
			);
			path = helper;
			sourceTree = "<group>";
		};
		AA4D6D4E261D405700C2CD63 /* router */ = {
			isa = PBXGroup;
			children = (
				AAA3107A261D822200C9F01D /* MTRouter.h */,
				AAA3107B261D822200C9F01D /* MTRouter.m */,
			);
			path = router;
			sourceTree = "<group>";
		};
		AA4D6D51261D42AA00C2CD63 /* category */ = {
			isa = PBXGroup;
			children = (
				AA7A9982261C0F8A0019DF27 /* ARSCNView+MT.h */,
				AA7A9983261C0F8A0019DF27 /* ARSCNView+MT.m */,
				AA0D8C94261DB6140055038B /* UIImage+MT.h */,
				AA0D8C95261DB6140055038B /* UIImage+MT.m */,
			);
			path = category;
			sourceTree = "<group>";
		};
		AA4D6D60261D4C8700C2CD63 /* base */ = {
			isa = PBXGroup;
			children = (
				AA7A997D261C02EC0019DF27 /* MTBaseVC.h */,
				AA7A997E261C02EC0019DF27 /* MTBaseVC.m */,
			);
			path = base;
			sourceTree = "<group>";
		};
		AA4D6D62261D4CB900C2CD63 /* add3DModel */ = {
			isa = PBXGroup;
			children = (
				AA4D6D78261D51C900C2CD63 /* helper */,
				AA4D6D6F261D4E1C00C2CD63 /* view */,
				AA4D6D6E261D4E1700C2CD63 /* vc */,
			);
			path = add3DModel;
			sourceTree = "<group>";
		};
		AA4D6D63261D4CDC00C2CD63 /* faceDetection */ = {
			isa = PBXGroup;
			children = (
				AA4D6D77261D51C100C2CD63 /* helper */,
				AA4D6D6D261D4E0800C2CD63 /* view */,
				AA4D6D6C261D4E0200C2CD63 /* vc */,
			);
			path = faceDetection;
			sourceTree = "<group>";
		};
		AA4D6D69261D4D3500C2CD63 /* common */ = {
			isa = PBXGroup;
			children = (
				AA4D6D51261D42AA00C2CD63 /* category */,
				AA4D6D4E261D405700C2CD63 /* router */,
				AA4D6D60261D4C8700C2CD63 /* base */,
				AA4D6D4D261D405100C2CD63 /* helper */,
			);
			path = common;
			sourceTree = "<group>";
		};
		AA4D6D6A261D4DD900C2CD63 /* module */ = {
			isa = PBXGroup;
			children = (
				AA5CFFF6262419D8009CFAD1 /* ARAdapter */,
				AA4D6D63261D4CDC00C2CD63 /* faceDetection */,
				AA4D6D62261D4CB900C2CD63 /* add3DModel */,
			);
			path = module;
			sourceTree = "<group>";
		};
		AA4D6D6C261D4E0200C2CD63 /* vc */ = {
			isa = PBXGroup;
			children = (
				AA4D6D5C261D4C7D00C2CD63 /* MTFaceDetectionVC.h */,
				AA4D6D5D261D4C7D00C2CD63 /* MTFaceDetectionVC.m */,
				AA4D6D64261D4D0A00C2CD63 /* MTFacialExpresstionVC.h */,
				AA4D6D65261D4D0A00C2CD63 /* MTFacialExpresstionVC.m */,
				AA7B9A33261ED579007FFC87 /* MTFaceAddMaskVC.h */,
				AA7B9A34261ED579007FFC87 /* MTFaceAddMaskVC.m */,
				AA919192261FEB5A00BD9111 /* MTVitualAndRealOcclusionVC.h */,
				AA919193261FEB5A00BD9111 /* MTVitualAndRealOcclusionVC.m */,
				AA919196261FEB8000BD9111 /* MTARBaseVC.h */,
				AA919197261FEB8000BD9111 /* MTARBaseVC.m */,
				AA91919A261FF4E500BD9111 /* MTScan3DObjectVC.h */,
				AA91919B261FF4E500BD9111 /* MTScan3DObjectVC.m */,
				AA85117926204E5800C1078A /* MTOcclusionVC.swift */,
				AA85117826204E5700C1078A /* TestARKitDemo-Bridging-Header.h */,
				AA5C001026241F46009CFAD1 /* MTARAdapterVC.h */,
				AA5C001126241F46009CFAD1 /* MTARAdapterVC.m */,
			);
			path = vc;
			sourceTree = "<group>";
		};
		AA4D6D6D261D4E0800C2CD63 /* view */ = {
			isa = PBXGroup;
			children = (
			);
			path = view;
			sourceTree = "<group>";
		};
		AA4D6D6E261D4E1700C2CD63 /* vc */ = {
			isa = PBXGroup;
			children = (
				AA2D2B82261C431700BEBBA5 /* MTCatchTheFlatVC.h */,
				AA2D2B83261C431700BEBBA5 /* MTCatchTheFlatVC.m */,
				AA2D2B86261C437B00BEBBA5 /* MTAdd3DModelVC.h */,
				AA2D2B87261C437B00BEBBA5 /* MTAdd3DModelVC.m */,
				AA2D2B8A261C4A2100BEBBA5 /* MTFlyAroundCameraVC.h */,
				AA2D2B8B261C4A2100BEBBA5 /* MTFlyAroundCameraVC.m */,
			);
			path = vc;
			sourceTree = "<group>";
		};
		AA4D6D6F261D4E1C00C2CD63 /* view */ = {
			isa = PBXGroup;
			children = (
			);
			path = view;
			sourceTree = "<group>";
		};
		AA4D6D77261D51C100C2CD63 /* helper */ = {
			isa = PBXGroup;
			children = (
				AA4D6D79261D520E00C2CD63 /* MTFaceDetectionHelper.h */,
				AA4D6D7A261D520E00C2CD63 /* MTFaceDetectionHelper.m */,
			);
			path = helper;
			sourceTree = "<group>";
		};
		AA4D6D78261D51C900C2CD63 /* helper */ = {
			isa = PBXGroup;
			children = (
				AA7B9A54261F00FD007FFC87 /* MTARKGestureHelper.h */,
				AA7B9A55261F00FD007FFC87 /* MTARKGestureHelper.m */,
			);
			path = helper;
			sourceTree = "<group>";
		};
		AA5CFFF6262419D8009CFAD1 /* ARAdapter */ = {
			isa = PBXGroup;
			children = (
				AA5CFFF7262419F9009CFAD1 /* ARBaseAdapter.h */,
				AA5CFFF8262419F9009CFAD1 /* ARBaseAdapter.m */,
				AA5CFFFC26241BFC009CFAD1 /* AR3DModelAdapter.h */,
				AA5CFFFD26241BFC009CFAD1 /* AR3DModelAdapter.m */,
				AA5C000026241D40009CFAD1 /* ARPlanDetetionAdapter.h */,
				AA5C000126241D40009CFAD1 /* ARPlanDetetionAdapter.m */,
				AA5C000426241D62009CFAD1 /* ARFaceMaskAdapter.h */,
				AA5C000526241D62009CFAD1 /* ARFaceMaskAdapter.m */,
				AA5C000826241D8C009CFAD1 /* ARFaceDetectionAdapter.h */,
				AA5C000926241D8C009CFAD1 /* ARFaceDetectionAdapter.m */,
				AA5C000C26241DA6009CFAD1 /* AR3DScanAdapter.h */,
				AA5C000D26241DA6009CFAD1 /* AR3DScanAdapter.m */,
				AA5C001926243E61009CFAD1 /* MTOcclusionAdapter.swift */,
			);
			path = ARAdapter;
			sourceTree = "<group>";
		};
		AA7A9950261C02840019DF27 = {
			isa = PBXGroup;
			children = (
				AA7A995B261C02840019DF27 /* TestARKitDemo */,
				AA7A995A261C02840019DF27 /* Products */,
				AA7A9976261C02960019DF27 /* Frameworks */,
				2174CA5BD88287F4C66B5CA1 /* Pods */,
			);
			sourceTree = "<group>";
		};
		AA7A995A261C02840019DF27 /* Products */ = {
			isa = PBXGroup;
			children = (
				AA7A9959261C02840019DF27 /* TestARKitDemo.app */,
			);
			name = Products;
			sourceTree = "<group>";
		};
		AA7A995B261C02840019DF27 /* TestARKitDemo */ = {
			isa = PBXGroup;
			children = (
				AA4D6D6A261D4DD900C2CD63 /* module */,
				AA4D6D69261D4D3500C2CD63 /* common */,
				AA2D2B72261C377900BEBBA5 /* Models.scnassets */,
				AA7A995C261C02840019DF27 /* AppDelegate.h */,
				AA7A995D261C02840019DF27 /* AppDelegate.m */,
				AA7A995F261C02840019DF27 /* SceneDelegate.h */,
				AA7A9960261C02840019DF27 /* SceneDelegate.m */,
				AA7A9962261C02840019DF27 /* ViewController.h */,
				AA7A9963261C02840019DF27 /* ViewController.m */,
				AA7A9965261C02840019DF27 /* Main.storyboard */,
				AA7A9968261C02860019DF27 /* Assets.xcassets */,
				AA7A996A261C02860019DF27 /* LaunchScreen.storyboard */,
				AA7A996D261C02860019DF27 /* Info.plist */,
				AA7A996E261C02860019DF27 /* main.m */,
			);
			path = TestARKitDemo;
			sourceTree = "<group>";
		};
		AA7A9976261C02960019DF27 /* Frameworks */ = {
			isa = PBXGroup;
			children = (
				AA85117C2620515800C1078A /* Foundation.framework */,
				AA85117626204D6C00C1078A /* RealityKit.framework */,
				AA7A997B261C02A10019DF27 /* UIKit.framework */,
				AA7A9979261C029C0019DF27 /* SceneKit.framework */,
				AA7A9977261C02960019DF27 /* ARKit.framework */,
				36B622E72A73C079D9D97A54 /* libPods-TestARKitDemo.a */,
			);
			name = Frameworks;
			sourceTree = "<group>";
		};
/* End PBXGroup section */

/* Begin PBXNativeTarget section */
		AA7A9958261C02840019DF27 /* TestARKitDemo */ = {
			isa = PBXNativeTarget;
			buildConfigurationList = AA7A9972261C02860019DF27 /* Build configuration list for PBXNativeTarget "TestARKitDemo" */;
			buildPhases = (
				226BE4C985C2D50CDC4EE2E7 /* [CP] Check Pods Manifest.lock */,
				AA7A9955261C02840019DF27 /* Sources */,
				AA7A9956261C02840019DF27 /* Frameworks */,
				AA7A9957261C02840019DF27 /* Resources */,
			);
			buildRules = (
			);
			dependencies = (
			);
			name = TestARKitDemo;
			productName = TestARKitDemo;
			productReference = AA7A9959261C02840019DF27 /* TestARKitDemo.app */;
			productType = "com.apple.product-type.application";
		};
/* End PBXNativeTarget section */

/* Begin PBXProject section */
		AA7A9951261C02840019DF27 /* Project object */ = {
			isa = PBXProject;
			attributes = {
				LastUpgradeCheck = 1240;
				TargetAttributes = {
					AA7A9958261C02840019DF27 = {
						CreatedOnToolsVersion = 12.4;
						LastSwiftMigration = 1240;
					};
				};
			};
			buildConfigurationList = AA7A9954261C02840019DF27 /* Build configuration list for PBXProject "TestARKitDemo" */;
			compatibilityVersion = "Xcode 9.3";
			developmentRegion = en;
			hasScannedForEncodings = 0;
			knownRegions = (
				en,
				Base,
			);
			mainGroup = AA7A9950261C02840019DF27;
			productRefGroup = AA7A995A261C02840019DF27 /* Products */;
			projectDirPath = "";
			projectRoot = "";
			targets = (
				AA7A9958261C02840019DF27 /* TestARKitDemo */,
			);
		};
/* End PBXProject section */

/* Begin PBXResourcesBuildPhase section */
		AA7A9957261C02840019DF27 /* Resources */ = {
			isa = PBXResourcesBuildPhase;
			buildActionMask = 2147483647;
			files = (
				AA7A996C261C02860019DF27 /* LaunchScreen.storyboard in Resources */,
				AA2D2B73261C377900BEBBA5 /* Models.scnassets in Resources */,
				AA7A9969261C02860019DF27 /* Assets.xcassets in Resources */,
				AA7A9967261C02840019DF27 /* Main.storyboard in Resources */,
			);
			runOnlyForDeploymentPostprocessing = 0;
		};
/* End PBXResourcesBuildPhase section */

/* Begin PBXShellScriptBuildPhase section */
		226BE4C985C2D50CDC4EE2E7 /* [CP] Check Pods Manifest.lock */ = {
			isa = PBXShellScriptBuildPhase;
			buildActionMask = 2147483647;
			files = (
			);
			inputFileListPaths = (
			);
			inputPaths = (
				"${PODS_PODFILE_DIR_PATH}/Podfile.lock",
				"${PODS_ROOT}/Manifest.lock",
			);
			name = "[CP] Check Pods Manifest.lock";
			outputFileListPaths = (
			);
			outputPaths = (
				"$(DERIVED_FILE_DIR)/Pods-TestARKitDemo-checkManifestLockResult.txt",
			);
			runOnlyForDeploymentPostprocessing = 0;
			shellPath = /bin/sh;
			shellScript = "diff \"${PODS_PODFILE_DIR_PATH}/Podfile.lock\" \"${PODS_ROOT}/Manifest.lock\" > /dev/null\nif [ $? != 0 ] ; then\n    # print error to STDERR\n    echo \"error: The sandbox is not in sync with the Podfile.lock. Run 'pod install' or update your CocoaPods installation.\" >&2\n    exit 1\nfi\n# This output is used by Xcode 'outputs' to avoid re-running this script phase.\necho \"SUCCESS\" > \"${SCRIPT_OUTPUT_FILE_0}\"\n";
			showEnvVarsInLog = 0;
		};
/* End PBXShellScriptBuildPhase section */

/* Begin PBXSourcesBuildPhase section */
		AA7A9955261C02840019DF27 /* Sources */ = {
			isa = PBXSourcesBuildPhase;
			buildActionMask = 2147483647;
			files = (
				AA5C000226241D40009CFAD1 /* ARPlanDetetionAdapter.m in Sources */,
				AA5CFFF9262419F9009CFAD1 /* ARBaseAdapter.m in Sources */,
				AA919194261FEB5A00BD9111 /* MTVitualAndRealOcclusionVC.m in Sources */,
				AA0D8C96261DB6140055038B /* UIImage+MT.m in Sources */,
				AA5C000E26241DA6009CFAD1 /* AR3DScanAdapter.m in Sources */,
				AA7A997F261C02EC0019DF27 /* MTBaseVC.m in Sources */,
				AA4D6D7B261D520E00C2CD63 /* MTFaceDetectionHelper.m in Sources */,
				AA7A9964261C02840019DF27 /* ViewController.m in Sources */,
				AA85117A26204E5800C1078A /* MTOcclusionVC.swift in Sources */,
				AA7A995E261C02840019DF27 /* AppDelegate.m in Sources */,
				AA5C000A26241D8C009CFAD1 /* ARFaceDetectionAdapter.m in Sources */,
				AA7B9A56261F00FD007FFC87 /* MTARKGestureHelper.m in Sources */,
				AA5C001A26243E61009CFAD1 /* MTOcclusionAdapter.swift in Sources */,
				AA5CFFFE26241BFC009CFAD1 /* AR3DModelAdapter.m in Sources */,
				AA5C000626241D62009CFAD1 /* ARFaceMaskAdapter.m in Sources */,
				AA7A9984261C0F8A0019DF27 /* ARSCNView+MT.m in Sources */,
				AA7A996F261C02860019DF27 /* main.m in Sources */,
				AA4D6D59261D464800C2CD63 /* MTARKitHelper.m in Sources */,
				AA5C001226241F46009CFAD1 /* MTARAdapterVC.m in Sources */,
				AA7A9961261C02840019DF27 /* SceneDelegate.m in Sources */,
				AA919198261FEB8000BD9111 /* MTARBaseVC.m in Sources */,
				AA5CFFE82623F7CE009CFAD1 /* MTAlertHelper.m in Sources */,
				AA2D2B88261C437B00BEBBA5 /* MTAdd3DModelVC.m in Sources */,
				AA7B9A35261ED579007FFC87 /* MTFaceAddMaskVC.m in Sources */,
				AAA3107C261D822200C9F01D /* MTRouter.m in Sources */,
				AA4D6D66261D4D0A00C2CD63 /* MTFacialExpresstionVC.m in Sources */,
				AA2D2B8C261C4A2100BEBBA5 /* MTFlyAroundCameraVC.m in Sources */,
				AA2D2B84261C431700BEBBA5 /* MTCatchTheFlatVC.m in Sources */,
				AA91919C261FF4E500BD9111 /* MTScan3DObjectVC.m in Sources */,
				AA4D6D5E261D4C7D00C2CD63 /* MTFaceDetectionVC.m in Sources */,
			);
			runOnlyForDeploymentPostprocessing = 0;
		};
/* End PBXSourcesBuildPhase section */

/* Begin PBXVariantGroup section */
		AA7A9965261C02840019DF27 /* Main.storyboard */ = {
			isa = PBXVariantGroup;
			children = (
				AA7A9966261C02840019DF27 /* Base */,
			);
			name = Main.storyboard;
			sourceTree = "<group>";
		};
		AA7A996A261C02860019DF27 /* LaunchScreen.storyboard */ = {
			isa = PBXVariantGroup;
			children = (
				AA7A996B261C02860019DF27 /* Base */,
			);
			name = LaunchScreen.storyboard;
			sourceTree = "<group>";
		};
/* End PBXVariantGroup section */

/* Begin XCBuildConfiguration section */
		AA7A9970261C02860019DF27 /* Debug */ = {
			isa = XCBuildConfiguration;
			buildSettings = {
				ALWAYS_SEARCH_USER_PATHS = NO;
				CLANG_ANALYZER_NONNULL = YES;
				CLANG_ANALYZER_NUMBER_OBJECT_CONVERSION = YES_AGGRESSIVE;
				CLANG_CXX_LANGUAGE_STANDARD = "gnu++14";
				CLANG_CXX_LIBRARY = "libc++";
				CLANG_ENABLE_MODULES = YES;
				CLANG_ENABLE_OBJC_ARC = YES;
				CLANG_ENABLE_OBJC_WEAK = YES;
				CLANG_WARN_BLOCK_CAPTURE_AUTORELEASING = YES;
				CLANG_WARN_BOOL_CONVERSION = YES;
				CLANG_WARN_COMMA = YES;
				CLANG_WARN_CONSTANT_CONVERSION = YES;
				CLANG_WARN_DEPRECATED_OBJC_IMPLEMENTATIONS = YES;
				CLANG_WARN_DIRECT_OBJC_ISA_USAGE = YES_ERROR;
				CLANG_WARN_DOCUMENTATION_COMMENTS = YES;
				CLANG_WARN_EMPTY_BODY = YES;
				CLANG_WARN_ENUM_CONVERSION = YES;
				CLANG_WARN_INFINITE_RECURSION = YES;
				CLANG_WARN_INT_CONVERSION = YES;
				CLANG_WARN_NON_LITERAL_NULL_CONVERSION = YES;
				CLANG_WARN_OBJC_IMPLICIT_RETAIN_SELF = YES;
				CLANG_WARN_OBJC_LITERAL_CONVERSION = YES;
				CLANG_WARN_OBJC_ROOT_CLASS = YES_ERROR;
				CLANG_WARN_QUOTED_INCLUDE_IN_FRAMEWORK_HEADER = YES;
				CLANG_WARN_RANGE_LOOP_ANALYSIS = YES;
				CLANG_WARN_STRICT_PROTOTYPES = YES;
				CLANG_WARN_SUSPICIOUS_MOVE = YES;
				CLANG_WARN_UNGUARDED_AVAILABILITY = YES_AGGRESSIVE;
				CLANG_WARN_UNREACHABLE_CODE = YES;
				CLANG_WARN__DUPLICATE_METHOD_MATCH = YES;
				COPY_PHASE_STRIP = NO;
				DEBUG_INFORMATION_FORMAT = dwarf;
				ENABLE_STRICT_OBJC_MSGSEND = YES;
				ENABLE_TESTABILITY = YES;
				GCC_C_LANGUAGE_STANDARD = gnu11;
				GCC_DYNAMIC_NO_PIC = NO;
				GCC_NO_COMMON_BLOCKS = YES;
				GCC_OPTIMIZATION_LEVEL = 0;
				GCC_PREPROCESSOR_DEFINITIONS = (
					"DEBUG=1",
					"$(inherited)",
				);
				GCC_WARN_64_TO_32_BIT_CONVERSION = YES;
				GCC_WARN_ABOUT_RETURN_TYPE = YES_ERROR;
				GCC_WARN_UNDECLARED_SELECTOR = YES;
				GCC_WARN_UNINITIALIZED_AUTOS = YES_AGGRESSIVE;
				GCC_WARN_UNUSED_FUNCTION = YES;
				GCC_WARN_UNUSED_VARIABLE = YES;
				IPHONEOS_DEPLOYMENT_TARGET = 11.0;
				MTL_ENABLE_DEBUG_INFO = INCLUDE_SOURCE;
				MTL_FAST_MATH = YES;
				ONLY_ACTIVE_ARCH = YES;
				SDKROOT = iphoneos;
			};
			name = Debug;
		};
		AA7A9971261C02860019DF27 /* Release */ = {
			isa = XCBuildConfiguration;
			buildSettings = {
				ALWAYS_SEARCH_USER_PATHS = NO;
				CLANG_ANALYZER_NONNULL = YES;
				CLANG_ANALYZER_NUMBER_OBJECT_CONVERSION = YES_AGGRESSIVE;
				CLANG_CXX_LANGUAGE_STANDARD = "gnu++14";
				CLANG_CXX_LIBRARY = "libc++";
				CLANG_ENABLE_MODULES = YES;
				CLANG_ENABLE_OBJC_ARC = YES;
				CLANG_ENABLE_OBJC_WEAK = YES;
				CLANG_WARN_BLOCK_CAPTURE_AUTORELEASING = YES;
				CLANG_WARN_BOOL_CONVERSION = YES;
				CLANG_WARN_COMMA = YES;
				CLANG_WARN_CONSTANT_CONVERSION = YES;
				CLANG_WARN_DEPRECATED_OBJC_IMPLEMENTATIONS = YES;
				CLANG_WARN_DIRECT_OBJC_ISA_USAGE = YES_ERROR;
				CLANG_WARN_DOCUMENTATION_COMMENTS = YES;
				CLANG_WARN_EMPTY_BODY = YES;
				CLANG_WARN_ENUM_CONVERSION = YES;
				CLANG_WARN_INFINITE_RECURSION = YES;
				CLANG_WARN_INT_CONVERSION = YES;
				CLANG_WARN_NON_LITERAL_NULL_CONVERSION = YES;
				CLANG_WARN_OBJC_IMPLICIT_RETAIN_SELF = YES;
				CLANG_WARN_OBJC_LITERAL_CONVERSION = YES;
				CLANG_WARN_OBJC_ROOT_CLASS = YES_ERROR;
				CLANG_WARN_QUOTED_INCLUDE_IN_FRAMEWORK_HEADER = YES;
				CLANG_WARN_RANGE_LOOP_ANALYSIS = YES;
				CLANG_WARN_STRICT_PROTOTYPES = YES;
				CLANG_WARN_SUSPICIOUS_MOVE = YES;
				CLANG_WARN_UNGUARDED_AVAILABILITY = YES_AGGRESSIVE;
				CLANG_WARN_UNREACHABLE_CODE = YES;
				CLANG_WARN__DUPLICATE_METHOD_MATCH = YES;
				COPY_PHASE_STRIP = NO;
				DEBUG_INFORMATION_FORMAT = "dwarf-with-dsym";
				ENABLE_NS_ASSERTIONS = NO;
				ENABLE_STRICT_OBJC_MSGSEND = YES;
				GCC_C_LANGUAGE_STANDARD = gnu11;
				GCC_NO_COMMON_BLOCKS = YES;
				GCC_WARN_64_TO_32_BIT_CONVERSION = YES;
				GCC_WARN_ABOUT_RETURN_TYPE = YES_ERROR;
				GCC_WARN_UNDECLARED_SELECTOR = YES;
				GCC_WARN_UNINITIALIZED_AUTOS = YES_AGGRESSIVE;
				GCC_WARN_UNUSED_FUNCTION = YES;
				GCC_WARN_UNUSED_VARIABLE = YES;
				IPHONEOS_DEPLOYMENT_TARGET = 11.0;
				MTL_ENABLE_DEBUG_INFO = NO;
				MTL_FAST_MATH = YES;
				SDKROOT = iphoneos;
				VALIDATE_PRODUCT = YES;
			};
			name = Release;
		};
		AA7A9973261C02860019DF27 /* Debug */ = {
			isa = XCBuildConfiguration;
			baseConfigurationReference = C9F57860B8F9B897A8E4B9DB /* Pods-TestARKitDemo.debug.xcconfig */;
			buildSettings = {
				ASSETCATALOG_COMPILER_APPICON_NAME = AppIcon;
				ASSETCATALOG_COMPILER_GLOBAL_ACCENT_COLOR_NAME = AccentColor;
				CLANG_ENABLE_MODULES = YES;
				CODE_SIGN_STYLE = Automatic;
				DEFINES_MODULE = YES;
				DEVELOPMENT_TEAM = 5TPB3QL27P;
				INFOPLIST_FILE = TestARKitDemo/Info.plist;
				LD_RUNPATH_SEARCH_PATHS = (
					"$(inherited)",
					"@executable_path/Frameworks",
				);
				PRODUCT_BUNDLE_IDENTIFIER = com.mt.lidar.test.TestARKitDemo3;
				PRODUCT_NAME = "$(TARGET_NAME)";
				SWIFT_OBJC_BRIDGING_HEADER = "TestARKitDemo/module/faceDetection/vc/TestARKitDemo-Bridging-Header.h";
				SWIFT_OPTIMIZATION_LEVEL = "-Onone";
				SWIFT_VERSION = 5.0;
				TARGETED_DEVICE_FAMILY = "1,2";
			};
			name = Debug;
		};
		AA7A9974261C02860019DF27 /* Release */ = {
			isa = XCBuildConfiguration;
			baseConfigurationReference = EE31F5B42B8A67889144AF1D /* Pods-TestARKitDemo.release.xcconfig */;
			buildSettings = {
				ASSETCATALOG_COMPILER_APPICON_NAME = AppIcon;
				ASSETCATALOG_COMPILER_GLOBAL_ACCENT_COLOR_NAME = AccentColor;
				CLANG_ENABLE_MODULES = YES;
				CODE_SIGN_STYLE = Automatic;
				DEFINES_MODULE = YES;
				DEVELOPMENT_TEAM = 5TPB3QL27P;
				INFOPLIST_FILE = TestARKitDemo/Info.plist;
				LD_RUNPATH_SEARCH_PATHS = (
					"$(inherited)",
					"@executable_path/Frameworks",
				);
				PRODUCT_BUNDLE_IDENTIFIER = com.mt.lidar.test.TestARKitDemo3;
				PRODUCT_NAME = "$(TARGET_NAME)";
				SWIFT_OBJC_BRIDGING_HEADER = "TestARKitDemo/module/faceDetection/vc/TestARKitDemo-Bridging-Header.h";
				SWIFT_VERSION = 5.0;
				TARGETED_DEVICE_FAMILY = "1,2";
			};
			name = Release;
		};
/* End XCBuildConfiguration section */

/* Begin XCConfigurationList section */
		AA7A9954261C02840019DF27 /* Build configuration list for PBXProject "TestARKitDemo" */ = {
			isa = XCConfigurationList;
			buildConfigurations = (
				AA7A9970261C02860019DF27 /* Debug */,
				AA7A9971261C02860019DF27 /* Release */,
			);
			defaultConfigurationIsVisible = 0;
			defaultConfigurationName = Release;
		};
		AA7A9972261C02860019DF27 /* Build configuration list for PBXNativeTarget "TestARKitDemo" */ = {
			isa = XCConfigurationList;
			buildConfigurations = (
				AA7A9973261C02860019DF27 /* Debug */,
				AA7A9974261C02860019DF27 /* Release */,
			);
			defaultConfigurationIsVisible = 0;
			defaultConfigurationName = Release;
		};
/* End XCConfigurationList section */
	};
	rootObject = AA7A9951261C02840019DF27 /* Project object */;
}
